// !$*UTF8*$!
{
	archiveVersion = 1;
	classes = {
	};
	objectVersion = 56;
	objects = {

/* Begin PBXBuildFile section */
		BDB031ED2B5B167400204EE4 /* Level_1_2_3App.swift in Sources */ = {isa = PBXBuildFile; fileRef = BDB031EC2B5B167400204EE4 /* Level_1_2_3App.swift */; };
		BDB031EF2B5B167400204EE4 /* ContentView.swift in Sources */ = {isa = PBXBuildFile; fileRef = BDB031EE2B5B167400204EE4 /* ContentView.swift */; };
		BDB031F12B5B167700204EE4 /* Assets.xcassets in Resources */ = {isa = PBXBuildFile; fileRef = BDB031F02B5B167700204EE4 /* Assets.xcassets */; };
		BDB031F42B5B167700204EE4 /* Preview Assets.xcassets in Resources */ = {isa = PBXBuildFile; fileRef = BDB031F32B5B167700204EE4 /* Preview Assets.xcassets */; };
		BDB031FE2B5B167700204EE4 /* Level_1_2_3Tests.swift in Sources */ = {isa = PBXBuildFile; fileRef = BDB031FD2B5B167700204EE4 /* Level_1_2_3Tests.swift */; };
		BDB032082B5B167700204EE4 /* Level_1_2_3UITests.swift in Sources */ = {isa = PBXBuildFile; fileRef = BDB032072B5B167700204EE4 /* Level_1_2_3UITests.swift */; };
		BDB0320A2B5B167700204EE4 /* Level_1_2_3UITestsLaunchTests.swift in Sources */ = {isa = PBXBuildFile; fileRef = BDB032092B5B167700204EE4 /* Level_1_2_3UITestsLaunchTests.swift */; };
/* End PBXBuildFile section */

/* Begin PBXContainerItemProxy section */
		BDB031FA2B5B167700204EE4 /* PBXContainerItemProxy */ = {
			isa = PBXContainerItemProxy;
			containerPortal = BDB031E12B5B167400204EE4 /* Project object */;
			proxyType = 1;
			remoteGlobalIDString = BDB031E82B5B167400204EE4;
			remoteInfo = "Level 1,2,3";
		};
		BDB032042B5B167700204EE4 /* PBXContainerItemProxy */ = {
			isa = PBXContainerItemProxy;
			containerPortal = BDB031E12B5B167400204EE4 /* Project object */;
			proxyType = 1;
			remoteGlobalIDString = BDB031E82B5B167400204EE4;
			remoteInfo = "Level 1,2,3";
		};
/* End PBXContainerItemProxy section */

/* Begin PBXFileReference section */
		BDB031E92B5B167400204EE4 /* Level 1,2,3.app */ = {isa = PBXFileReference; explicitFileType = wrapper.application; includeInIndex = 0; path = "Level 1,2,3.app"; sourceTree = BUILT_PRODUCTS_DIR; };
		BDB031EC2B5B167400204EE4 /* Level_1_2_3App.swift */ = {isa = PBXFileReference; lastKnownFileType = sourcecode.swift; path = Level_1_2_3App.swift; sourceTree = "<group>"; };
		BDB031EE2B5B167400204EE4 /* ContentView.swift */ = {isa = PBXFileReference; lastKnownFileType = sourcecode.swift; path = ContentView.swift; sourceTree = "<group>"; };
		BDB031F02B5B167700204EE4 /* Assets.xcassets */ = {isa = PBXFileReference; lastKnownFileType = folder.assetcatalog; path = Assets.xcassets; sourceTree = "<group>"; };
		BDB031F32B5B167700204EE4 /* Preview Assets.xcassets */ = {isa = PBXFileReference; lastKnownFileType = folder.assetcatalog; path = "Preview Assets.xcassets"; sourceTree = "<group>"; };
		BDB031F92B5B167700204EE4 /* Level 1,2,3Tests.xctest */ = {isa = PBXFileReference; explicitFileType = wrapper.cfbundle; includeInIndex = 0; path = "Level 1,2,3Tests.xctest"; sourceTree = BUILT_PRODUCTS_DIR; };
		BDB031FD2B5B167700204EE4 /* Level_1_2_3Tests.swift */ = {isa = PBXFileReference; lastKnownFileType = sourcecode.swift; path = Level_1_2_3Tests.swift; sourceTree = "<group>"; };
		BDB032032B5B167700204EE4 /* Level 1,2,3UITests.xctest */ = {isa = PBXFileReference; explicitFileType = wrapper.cfbundle; includeInIndex = 0; path = "Level 1,2,3UITests.xctest"; sourceTree = BUILT_PRODUCTS_DIR; };
		BDB032072B5B167700204EE4 /* Level_1_2_3UITests.swift */ = {isa = PBXFileReference; lastKnownFileType = sourcecode.swift; path = Level_1_2_3UITests.swift; sourceTree = "<group>"; };
		BDB032092B5B167700204EE4 /* Level_1_2_3UITestsLaunchTests.swift */ = {isa = PBXFileReference; lastKnownFileType = sourcecode.swift; path = Level_1_2_3UITestsLaunchTests.swift; sourceTree = "<group>"; };
/* End PBXFileReference section */

/* Begin PBXFrameworksBuildPhase section */
		BDB031E62B5B167400204EE4 /* Frameworks */ = {
			isa = PBXFrameworksBuildPhase;
			buildActionMask = 2147483647;
			files = (
			);
			runOnlyForDeploymentPostprocessing = 0;
		};
		BDB031F62B5B167700204EE4 /* Frameworks */ = {
			isa = PBXFrameworksBuildPhase;
			buildActionMask = 2147483647;
			files = (
			);
			runOnlyForDeploymentPostprocessing = 0;
		};
		BDB032002B5B167700204EE4 /* Frameworks */ = {
			isa = PBXFrameworksBuildPhase;
			buildActionMask = 2147483647;
			files = (
			);
			runOnlyForDeploymentPostprocessing = 0;
		};
/* End PBXFrameworksBuildPhase section */

/* Begin PBXGroup section */
		BDB031E02B5B167400204EE4 = {
			isa = PBXGroup;
			children = (
				BDB031EB2B5B167400204EE4 /* Level 1,2,3 */,
				BDB031FC2B5B167700204EE4 /* Level 1,2,3Tests */,
				BDB032062B5B167700204EE4 /* Level 1,2,3UITests */,
				BDB031EA2B5B167400204EE4 /* Products */,
			);
			sourceTree = "<group>";
		};
		BDB031EA2B5B167400204EE4 /* Products */ = {
			isa = PBXGroup;
			children = (
				BDB031E92B5B167400204EE4 /* Level 1,2,3.app */,
				BDB031F92B5B167700204EE4 /* Level 1,2,3Tests.xctest */,
				BDB032032B5B167700204EE4 /* Level 1,2,3UITests.xctest */,
			);
			name = Products;
			sourceTree = "<group>";
		};
		BDB031EB2B5B167400204EE4 /* Level 1,2,3 */ = {
			isa = PBXGroup;
			children = (
				BDB031EC2B5B167400204EE4 /* Level_1_2_3App.swift */,
				BDB031EE2B5B167400204EE4 /* ContentView.swift */,
				BDB031F02B5B167700204EE4 /* Assets.xcassets */,
				BDB031F22B5B167700204EE4 /* Preview Content */,
			);
			path = "Level 1,2,3";
			sourceTree = "<group>";
		};
		BDB031F22B5B167700204EE4 /* Preview Content */ = {
			isa = PBXGroup;
			children = (
				BDB031F32B5B167700204EE4 /* Preview Assets.xcassets */,
			);
			path = "Preview Content";
			sourceTree = "<group>";
		};
		BDB031FC2B5B167700204EE4 /* Level 1,2,3Tests */ = {
			isa = PBXGroup;
			children = (
				BDB031FD2B5B167700204EE4 /* Level_1_2_3Tests.swift */,
			);
			path = "Level 1,2,3Tests";
			sourceTree = "<group>";
		};
		BDB032062B5B167700204EE4 /* Level 1,2,3UITests */ = {
			isa = PBXGroup;
			children = (
				BDB032072B5B167700204EE4 /* Level_1_2_3UITests.swift */,
				BDB032092B5B167700204EE4 /* Level_1_2_3UITestsLaunchTests.swift */,
			);
			path = "Level 1,2,3UITests";
			sourceTree = "<group>";
		};
/* End PBXGroup section */

/* Begin PBXNativeTarget section */
		BDB031E82B5B167400204EE4 /* Level 1,2,3 */ = {
			isa = PBXNativeTarget;
			buildConfigurationList = BDB0320D2B5B167700204EE4 /* Build configuration list for PBXNativeTarget "Level 1,2,3" */;
			buildPhases = (
				BDB031E52B5B167400204EE4 /* Sources */,
				BDB031E62B5B167400204EE4 /* Frameworks */,
				BDB031E72B5B167400204EE4 /* Resources */,
			);
			buildRules = (
			);
			dependencies = (
			);
			name = "Level 1,2,3";
			productName = "Level 1,2,3";
			productReference = BDB031E92B5B167400204EE4 /* Level 1,2,3.app */;
			productType = "com.apple.product-type.application";
		};
		BDB031F82B5B167700204EE4 /* Level 1,2,3Tests */ = {
			isa = PBXNativeTarget;
			buildConfigurationList = BDB032102B5B167700204EE4 /* Build configuration list for PBXNativeTarget "Level 1,2,3Tests" */;
			buildPhases = (
				BDB031F52B5B167700204EE4 /* Sources */,
				BDB031F62B5B167700204EE4 /* Frameworks */,
				BDB031F72B5B167700204EE4 /* Resources */,
			);
			buildRules = (
			);
			dependencies = (
				BDB031FB2B5B167700204EE4 /* PBXTargetDependency */,
			);
			name = "Level 1,2,3Tests";
			productName = "Level 1,2,3Tests";
			productReference = BDB031F92B5B167700204EE4 /* Level 1,2,3Tests.xctest */;
			productType = "com.apple.product-type.bundle.unit-test";
		};
		BDB032022B5B167700204EE4 /* Level 1,2,3UITests */ = {
			isa = PBXNativeTarget;
			buildConfigurationList = BDB032132B5B167700204EE4 /* Build configuration list for PBXNativeTarget "Level 1,2,3UITests" */;
			buildPhases = (
				BDB031FF2B5B167700204EE4 /* Sources */,
				BDB032002B5B167700204EE4 /* Frameworks */,
				BDB032012B5B167700204EE4 /* Resources */,
			);
			buildRules = (
			);
			dependencies = (
				BDB032052B5B167700204EE4 /* PBXTargetDependency */,
			);
			name = "Level 1,2,3UITests";
			productName = "Level 1,2,3UITests";
			productReference = BDB032032B5B167700204EE4 /* Level 1,2,3UITests.xctest */;
			productType = "com.apple.product-type.bundle.ui-testing";
		};
/* End PBXNativeTarget section */

/* Begin PBXProject section */
		BDB031E12B5B167400204EE4 /* Project object */ = {
			isa = PBXProject;
			attributes = {
				BuildIndependentTargetsInParallel = 1;
				LastSwiftUpdateCheck = 1520;
				LastUpgradeCheck = 1520;
				TargetAttributes = {
					BDB031E82B5B167400204EE4 = {
						CreatedOnToolsVersion = 15.2;
					};
					BDB031F82B5B167700204EE4 = {
						CreatedOnToolsVersion = 15.2;
						TestTargetID = BDB031E82B5B167400204EE4;
					};
					BDB032022B5B167700204EE4 = {
						CreatedOnToolsVersion = 15.2;
						TestTargetID = BDB031E82B5B167400204EE4;
					};
				};
			};
			buildConfigurationList = BDB031E42B5B167400204EE4 /* Build configuration list for PBXProject "Level 1,2,3" */;
			compatibilityVersion = "Xcode 14.0";
			developmentRegion = en;
			hasScannedForEncodings = 0;
			knownRegions = (
				en,
				Base,
			);
			mainGroup = BDB031E02B5B167400204EE4;
			productRefGroup = BDB031EA2B5B167400204EE4 /* Products */;
			projectDirPath = "";
			projectRoot = "";
			targets = (
				BDB031E82B5B167400204EE4 /* Level 1,2,3 */,
				BDB031F82B5B167700204EE4 /* Level 1,2,3Tests */,
				BDB032022B5B167700204EE4 /* Level 1,2,3UITests */,
			);
		};
/* End PBXProject section */

/* Begin PBXResourcesBuildPhase section */
		BDB031E72B5B167400204EE4 /* Resources */ = {
			isa = PBXResourcesBuildPhase;
			buildActionMask = 2147483647;
			files = (
				BDB031F42B5B167700204EE4 /* Preview Assets.xcassets in Resources */,
				BDB031F12B5B167700204EE4 /* Assets.xcassets in Resources */,
			);
			runOnlyForDeploymentPostprocessing = 0;
		};
		BDB031F72B5B167700204EE4 /* Resources */ = {
			isa = PBXResourcesBuildPhase;
			buildActionMask = 2147483647;
			files = (
			);
			runOnlyForDeploymentPostprocessing = 0;
		};
		BDB032012B5B167700204EE4 /* Resources */ = {
			isa = PBXResourcesBuildPhase;
			buildActionMask = 2147483647;
			files = (
			);
			runOnlyForDeploymentPostprocessing = 0;
		};
/* End PBXResourcesBuildPhase section */

/* Begin PBXSourcesBuildPhase section */
		BDB031E52B5B167400204EE4 /* Sources */ = {
			isa = PBXSourcesBuildPhase;
			buildActionMask = 2147483647;
			files = (
				BDB031EF2B5B167400204EE4 /* ContentView.swift in Sources */,
				BDB031ED2B5B167400204EE4 /* Level_1_2_3App.swift in Sources */,
			);
			runOnlyForDeploymentPostprocessing = 0;
		};
		BDB031F52B5B167700204EE4 /* Sources */ = {
			isa = PBXSourcesBuildPhase;
			buildActionMask = 2147483647;
			files = (
				BDB031FE2B5B167700204EE4 /* Level_1_2_3Tests.swift in Sources */,
			);
			runOnlyForDeploymentPostprocessing = 0;
		};
		BDB031FF2B5B167700204EE4 /* Sources */ = {
			isa = PBXSourcesBuildPhase;
			buildActionMask = 2147483647;
			files = (
				BDB0320A2B5B167700204EE4 /* Level_1_2_3UITestsLaunchTests.swift in Sources */,
				BDB032082B5B167700204EE4 /* Level_1_2_3UITests.swift in Sources */,
			);
			runOnlyForDeploymentPostprocessing = 0;
		};
/* End PBXSourcesBuildPhase section */

/* Begin PBXTargetDependency section */
		BDB031FB2B5B167700204EE4 /* PBXTargetDependency */ = {
			isa = PBXTargetDependency;
			target = BDB031E82B5B167400204EE4 /* Level 1,2,3 */;
			targetProxy = BDB031FA2B5B167700204EE4 /* PBXContainerItemProxy */;
		};
		BDB032052B5B167700204EE4 /* PBXTargetDependency */ = {
			isa = PBXTargetDependency;
			target = BDB031E82B5B167400204EE4 /* Level 1,2,3 */;
			targetProxy = BDB032042B5B167700204EE4 /* PBXContainerItemProxy */;
		};
/* End PBXTargetDependency section */

/* Begin XCBuildConfiguration section */
		BDB0320B2B5B167700204EE4 /* Debug */ = {
			isa = XCBuildConfiguration;
			buildSettings = {
				ALWAYS_SEARCH_USER_PATHS = NO;
				ASSETCATALOG_COMPILER_GENERATE_SWIFT_ASSET_SYMBOL_EXTENSIONS = YES;
				CLANG_ANALYZER_NONNULL = YES;
				CLANG_ANALYZER_NUMBER_OBJECT_CONVERSION = YES_AGGRESSIVE;
				CLANG_CXX_LANGUAGE_STANDARD = "gnu++20";
				CLANG_ENABLE_MODULES = YES;
				CLANG_ENABLE_OBJC_ARC = YES;
				CLANG_ENABLE_OBJC_WEAK = YES;
				CLANG_WARN_BLOCK_CAPTURE_AUTORELEASING = YES;
				CLANG_WARN_BOOL_CONVERSION = YES;
				CLANG_WARN_COMMA = YES;
				CLANG_WARN_CONSTANT_CONVERSION = YES;
				CLANG_WARN_DEPRECATED_OBJC_IMPLEMENTATIONS = YES;
				CLANG_WARN_DIRECT_OBJC_ISA_USAGE = YES_ERROR;
				CLANG_WARN_DOCUMENTATION_COMMENTS = YES;
				CLANG_WARN_EMPTY_BODY = YES;
				CLANG_WARN_ENUM_CONVERSION = YES;
				CLANG_WARN_INFINITE_RECURSION = YES;
				CLANG_WARN_INT_CONVERSION = YES;
				CLANG_WARN_NON_LITERAL_NULL_CONVERSION = YES;
				CLANG_WARN_OBJC_IMPLICIT_RETAIN_SELF = YES;
				CLANG_WARN_OBJC_LITERAL_CONVERSION = YES;
				CLANG_WARN_OBJC_ROOT_CLASS = YES_ERROR;
				CLANG_WARN_QUOTED_INCLUDE_IN_FRAMEWORK_HEADER = YES;
				CLANG_WARN_RANGE_LOOP_ANALYSIS = YES;
				CLANG_WARN_STRICT_PROTOTYPES = YES;
				CLANG_WARN_SUSPICIOUS_MOVE = YES;
				CLANG_WARN_UNGUARDED_AVAILABILITY = YES_AGGRESSIVE;
				CLANG_WARN_UNREACHABLE_CODE = YES;
				CLANG_WARN__DUPLICATE_METHOD_MATCH = YES;
				COPY_PHASE_STRIP = NO;
				DEBUG_INFORMATION_FORMAT = dwarf;
				ENABLE_STRICT_OBJC_MSGSEND = YES;
				ENABLE_TESTABILITY = YES;
				ENABLE_USER_SCRIPT_SANDBOXING = YES;
				GCC_C_LANGUAGE_STANDARD = gnu17;
				GCC_DYNAMIC_NO_PIC = NO;
				GCC_NO_COMMON_BLOCKS = YES;
				GCC_OPTIMIZATION_LEVEL = 0;
				GCC_PREPROCESSOR_DEFINITIONS = (
					"DEBUG=1",
					"$(inherited)",
				);
				GCC_WARN_64_TO_32_BIT_CONVERSION = YES;
				GCC_WARN_ABOUT_RETURN_TYPE = YES_ERROR;
				GCC_WARN_UNDECLARED_SELECTOR = YES;
				GCC_WARN_UNINITIALIZED_AUTOS = YES_AGGRESSIVE;
				GCC_WARN_UNUSED_FUNCTION = YES;
				GCC_WARN_UNUSED_VARIABLE = YES;
				IPHONEOS_DEPLOYMENT_TARGET = 17.2;
				LOCALIZATION_PREFERS_STRING_CATALOGS = YES;
				MTL_ENABLE_DEBUG_INFO = INCLUDE_SOURCE;
				MTL_FAST_MATH = YES;
				ONLY_ACTIVE_ARCH = YES;
				SDKROOT = iphoneos;
				SWIFT_ACTIVE_COMPILATION_CONDITIONS = "DEBUG $(inherited)";
				SWIFT_OPTIMIZATION_LEVEL = "-Onone";
			};
			name = Debug;
		};
		BDB0320C2B5B167700204EE4 /* Release */ = {
			isa = XCBuildConfiguration;
			buildSettings = {
				ALWAYS_SEARCH_USER_PATHS = NO;
				ASSETCATALOG_COMPILER_GENERATE_SWIFT_ASSET_SYMBOL_EXTENSIONS = YES;
				CLANG_ANALYZER_NONNULL = YES;
				CLANG_ANALYZER_NUMBER_OBJECT_CONVERSION = YES_AGGRESSIVE;
				CLANG_CXX_LANGUAGE_STANDARD = "gnu++20";
				CLANG_ENABLE_MODULES = YES;
				CLANG_ENABLE_OBJC_ARC = YES;
				CLANG_ENABLE_OBJC_WEAK = YES;
				CLANG_WARN_BLOCK_CAPTURE_AUTORELEASING = YES;
				CLANG_WARN_BOOL_CONVERSION = YES;
				CLANG_WARN_COMMA = YES;
				CLANG_WARN_CONSTANT_CONVERSION = YES;
				CLANG_WARN_DEPRECATED_OBJC_IMPLEMENTATIONS = YES;
				CLANG_WARN_DIRECT_OBJC_ISA_USAGE = YES_ERROR;
				CLANG_WARN_DOCUMENTATION_COMMENTS = YES;
				CLANG_WARN_EMPTY_BODY = YES;
				CLANG_WARN_ENUM_CONVERSION = YES;
				CLANG_WARN_INFINITE_RECURSION = YES;
				CLANG_WARN_INT_CONVERSION = YES;
				CLANG_WARN_NON_LITERAL_NULL_CONVERSION = YES;
				CLANG_WARN_OBJC_IMPLICIT_RETAIN_SELF = YES;
				CLANG_WARN_OBJC_LITERAL_CONVERSION = YES;
				CLANG_WARN_OBJC_ROOT_CLASS = YES_ERROR;
				CLANG_WARN_QUOTED_INCLUDE_IN_FRAMEWORK_HEADER = YES;
				CLANG_WARN_RANGE_LOOP_ANALYSIS = YES;
				CLANG_WARN_STRICT_PROTOTYPES = YES;
				CLANG_WARN_SUSPICIOUS_MOVE = YES;
				CLANG_WARN_UNGUARDED_AVAILABILITY = YES_AGGRESSIVE;
				CLANG_WARN_UNREACHABLE_CODE = YES;
				CLANG_WARN__DUPLICATE_METHOD_MATCH = YES;
				COPY_PHASE_STRIP = NO;
				DEBUG_INFORMATION_FORMAT = "dwarf-with-dsym";
				ENABLE_NS_ASSERTIONS = NO;
				ENABLE_STRICT_OBJC_MSGSEND = YES;
				ENABLE_USER_SCRIPT_SANDBOXING = YES;
				GCC_C_LANGUAGE_STANDARD = gnu17;
				GCC_NO_COMMON_BLOCKS = YES;
				GCC_WARN_64_TO_32_BIT_CONVERSION = YES;
				GCC_WARN_ABOUT_RETURN_TYPE = YES_ERROR;
				GCC_WARN_UNDECLARED_SELECTOR = YES;
				GCC_WARN_UNINITIALIZED_AUTOS = YES_AGGRESSIVE;
				GCC_WARN_UNUSED_FUNCTION = YES;
				GCC_WARN_UNUSED_VARIABLE = YES;
				IPHONEOS_DEPLOYMENT_TARGET = 17.2;
				LOCALIZATION_PREFERS_STRING_CATALOGS = YES;
				MTL_ENABLE_DEBUG_INFO = NO;
				MTL_FAST_MATH = YES;
				SDKROOT = iphoneos;
				SWIFT_COMPILATION_MODE = wholemodule;
				VALIDATE_PRODUCT = YES;
			};
			name = Release;
		};
		BDB0320E2B5B167700204EE4 /* Debug */ = {
			isa = XCBuildConfiguration;
			buildSettings = {
				ASSETCATALOG_COMPILER_APPICON_NAME = AppIcon;
				ASSETCATALOG_COMPILER_GLOBAL_ACCENT_COLOR_NAME = AccentColor;
				CODE_SIGN_STYLE = Automatic;
				CURRENT_PROJECT_VERSION = 1;
				DEVELOPMENT_ASSET_PATHS = "\"Level 1,2,3/Preview Content\"";
				DEVELOPMENT_TEAM = 8UA385N825;
				ENABLE_PREVIEWS = YES;
				GENERATE_INFOPLIST_FILE = YES;
				INFOPLIST_KEY_UIApplicationSceneManifest_Generation = YES;
				INFOPLIST_KEY_UIApplicationSupportsIndirectInputEvents = YES;
				INFOPLIST_KEY_UILaunchScreen_Generation = YES;
				INFOPLIST_KEY_UISupportedInterfaceOrientations_iPad = "UIInterfaceOrientationPortrait UIInterfaceOrientationPortraitUpsideDown UIInterfaceOrientationLandscapeLeft UIInterfaceOrientationLandscapeRight";
				INFOPLIST_KEY_UISupportedInterfaceOrientations_iPhone = "UIInterfaceOrientationPortrait UIInterfaceOrientationLandscapeLeft UIInterfaceOrientationLandscapeRight";
				LD_RUNPATH_SEARCH_PATHS = (
					"$(inherited)",
					"@executable_path/Frameworks",
				);
				MARKETING_VERSION = 1.0;
				PRODUCT_BUNDLE_IDENTIFIER = "com.cendrive.Level-1-2-3";
				PRODUCT_NAME = "$(TARGET_NAME)";
				SWIFT_EMIT_LOC_STRINGS = YES;
				SWIFT_VERSION = 5.0;
				TARGETED_DEVICE_FAMILY = "1,2";
			};
			name = Debug;
		};
		BDB0320F2B5B167700204EE4 /* Release */ = {
			isa = XCBuildConfiguration;
			buildSettings = {
				ASSETCATALOG_COMPILER_APPICON_NAME = AppIcon;
				ASSETCATALOG_COMPILER_GLOBAL_ACCENT_COLOR_NAME = AccentColor;
				CODE_SIGN_STYLE = Automatic;
				CURRENT_PROJECT_VERSION = 1;
				DEVELOPMENT_ASSET_PATHS = "\"Level 1,2,3/Preview Content\"";
				DEVELOPMENT_TEAM = 8UA385N825;
				ENABLE_PREVIEWS = YES;
				GENERATE_INFOPLIST_FILE = YES;
				INFOPLIST_KEY_UIApplicationSceneManifest_Generation = YES;
				INFOPLIST_KEY_UIApplicationSupportsIndirectInputEvents = YES;
				INFOPLIST_KEY_UILaunchScreen_Generation = YES;
				INFOPLIST_KEY_UISupportedInterfaceOrientations_iPad = "UIInterfaceOrientationPortrait UIInterfaceOrientationPortraitUpsideDown UIInterfaceOrientationLandscapeLeft UIInterfaceOrientationLandscapeRight";
				INFOPLIST_KEY_UISupportedInterfaceOrientations_iPhone = "UIInterfaceOrientationPortrait UIInterfaceOrientationLandscapeLeft UIInterfaceOrientationLandscapeRight";
				LD_RUNPATH_SEARCH_PATHS = (
					"$(inherited)",
					"@executable_path/Frameworks",
				);
				MARKETING_VERSION = 1.0;
				PRODUCT_BUNDLE_IDENTIFIER = "com.cendrive.Level-1-2-3";
				PRODUCT_NAME = "$(TARGET_NAME)";
				SWIFT_EMIT_LOC_STRINGS = YES;
				SWIFT_VERSION = 5.0;
				TARGETED_DEVICE_FAMILY = "1,2";
			};
			name = Release;
		};
		BDB032112B5B167700204EE4 /* Debug */ = {
			isa = XCBuildConfiguration;
			buildSettings = {
				ALWAYS_EMBED_SWIFT_STANDARD_LIBRARIES = YES;
				BUNDLE_LOADER = "$(TEST_HOST)";
				CODE_SIGN_STYLE = Automatic;
				CURRENT_PROJECT_VERSION = 1;
				DEVELOPMENT_TEAM = 8UA385N825;
				GENERATE_INFOPLIST_FILE = YES;
				IPHONEOS_DEPLOYMENT_TARGET = 17.2;
				MARKETING_VERSION = 1.0;
				PRODUCT_BUNDLE_IDENTIFIER = "com.cendrive.Level-1-2-3Tests";
				PRODUCT_NAME = "$(TARGET_NAME)";
				SWIFT_EMIT_LOC_STRINGS = NO;
				SWIFT_VERSION = 5.0;
				TARGETED_DEVICE_FAMILY = "1,2";
				TEST_HOST = "$(BUILT_PRODUCTS_DIR)/Level 1,2,3.app/$(BUNDLE_EXECUTABLE_FOLDER_PATH)/Level 1,2,3";
			};
			name = Debug;
		};
		BDB032122B5B167700204EE4 /* Release */ = {
			isa = XCBuildConfiguration;
			buildSettings = {
				ALWAYS_EMBED_SWIFT_STANDARD_LIBRARIES = YES;
				BUNDLE_LOADER = "$(TEST_HOST)";
				CODE_SIGN_STYLE = Automatic;
				CURRENT_PROJECT_VERSION = 1;
				DEVELOPMENT_TEAM = 8UA385N825;
				GENERATE_INFOPLIST_FILE = YES;
				IPHONEOS_DEPLOYMENT_TARGET = 17.2;
				MARKETING_VERSION = 1.0;
				PRODUCT_BUNDLE_IDENTIFIER = "com.cendrive.Level-1-2-3Tests";
				PRODUCT_NAME = "$(TARGET_NAME)";
				SWIFT_EMIT_LOC_STRINGS = NO;
				SWIFT_VERSION = 5.0;
				TARGETED_DEVICE_FAMILY = "1,2";
				TEST_HOST = "$(BUILT_PRODUCTS_DIR)/Level 1,2,3.app/$(BUNDLE_EXECUTABLE_FOLDER_PATH)/Level 1,2,3";
			};
			name = Release;
		};
		BDB032142B5B167700204EE4 /* Debug */ = {
			isa = XCBuildConfiguration;
			buildSettings = {
				ALWAYS_EMBED_SWIFT_STANDARD_LIBRARIES = YES;
				CODE_SIGN_STYLE = Automatic;
				CURRENT_PROJECT_VERSION = 1;
				DEVELOPMENT_TEAM = 8UA385N825;
				GENERATE_INFOPLIST_FILE = YES;
				MARKETING_VERSION = 1.0;
				PRODUCT_BUNDLE_IDENTIFIER = "com.cendrive.Level-1-2-3UITests";
				PRODUCT_NAME = "$(TARGET_NAME)";
				SWIFT_EMIT_LOC_STRINGS = NO;
				SWIFT_VERSION = 5.0;
				TARGETED_DEVICE_FAMILY = "1,2";
				TEST_TARGET_NAME = "Level 1,2,3";
			};
			name = Debug;
		};
		BDB032152B5B167700204EE4 /* Release */ = {
			isa = XCBuildConfiguration;
			buildSettings = {
				ALWAYS_EMBED_SWIFT_STANDARD_LIBRARIES = YES;
				CODE_SIGN_STYLE = Automatic;
				CURRENT_PROJECT_VERSION = 1;
				DEVELOPMENT_TEAM = 8UA385N825;
				GENERATE_INFOPLIST_FILE = YES;
				MARKETING_VERSION = 1.0;
				PRODUCT_BUNDLE_IDENTIFIER = "com.cendrive.Level-1-2-3UITests";
				PRODUCT_NAME = "$(TARGET_NAME)";
				SWIFT_EMIT_LOC_STRINGS = NO;
				SWIFT_VERSION = 5.0;
				TARGETED_DEVICE_FAMILY = "1,2";
				TEST_TARGET_NAME = "Level 1,2,3";
			};
			name = Release;
		};
/* End XCBuildConfiguration section */

/* Begin XCConfigurationList section */
		BDB031E42B5B167400204EE4 /* Build configuration list for PBXProject "Level 1,2,3" */ = {
			isa = XCConfigurationList;
			buildConfigurations = (
				BDB0320B2B5B167700204EE4 /* Debug */,
				BDB0320C2B5B167700204EE4 /* Release */,
			);
			defaultConfigurationIsVisible = 0;
			defaultConfigurationName = Release;
		};
		BDB0320D2B5B167700204EE4 /* Build configuration list for PBXNativeTarget "Level 1,2,3" */ = {
			isa = XCConfigurationList;
			buildConfigurations = (
				BDB0320E2B5B167700204EE4 /* Debug */,
				BDB0320F2B5B167700204EE4 /* Release */,
			);
			defaultConfigurationIsVisible = 0;
			defaultConfigurationName = Release;
		};
		BDB032102B5B167700204EE4 /* Build configuration list for PBXNativeTarget "Level 1,2,3Tests" */ = {
			isa = XCConfigurationList;
			buildConfigurations = (
				BDB032112B5B167700204EE4 /* Debug */,
				BDB032122B5B167700204EE4 /* Release */,
			);
			defaultConfigurationIsVisible = 0;
			defaultConfigurationName = Release;
		};
		BDB032132B5B167700204EE4 /* Build configuration list for PBXNativeTarget "Level 1,2,3UITests" */ = {
			isa = XCConfigurationList;
			buildConfigurations = (
				BDB032142B5B167700204EE4 /* Debug */,
				BDB032152B5B167700204EE4 /* Release */,
			);
			defaultConfigurationIsVisible = 0;
			defaultConfigurationName = Release;
		};
/* End XCConfigurationList section */
	};
	rootObject = BDB031E12B5B167400204EE4 /* Project object */;
}
